
Microsoft Visual Studio Solution File, Format Version 12.00
# Visual Studio Version 16
VisualStudioVersion = 16.0.31727.386
MinimumVisualStudioVersion = 10.0.40219.1
Project("{FAE04EC0-301F-11D3-BF4B-00C04F79EFBC}") = "Skovokh Translator", "Skovokh Translator.csproj", "{C75ECF70-254C-455D-B24D-40E057882C4A}"
EndProject
Global
	GlobalSection(SolutionConfigurationPlatforms) = preSolution
		Debug|Any CPU = Debug|Any CPU
		Release|Any CPU = Release|Any CPU
	EndGlobalSection
	GlobalSection(ProjectConfigurationPlatforms) = postSolution
		{C75ECF70-254C-455D-B24D-40E057882C4A}.Debug|Any CPU.ActiveCfg = Debug|Any CPU
		{C75ECF70-254C-455D-B24D-40E057882C4A}.Debug|Any CPU.Build.0 = Debug|Any CPU
		{C75ECF70-254C-455D-B24D-40E057882C4A}.Release|Any CPU.ActiveCfg = Release|Any CPU
		{C75ECF70-254C-455D-B24D-40E057882C4A}.Release|Any CPU.Build.0 = Release|Any CPU
	EndGlobalSection
	GlobalSection(SolutionProperties) = preSolution
		HideSolutionNode = FALSE
	EndGlobalSection
	GlobalSection(ExtensibilityGlobals) = postSolution
		SolutionGuid = {1933FC81-8F5B-4537-ABC7-197E642C4400}
	EndGlobalSection
EndGlobal
